
Microsoft Visual Studio Solution File, Format Version 12.00
# Visual Studio Version 17
VisualStudioVersion = 17.6.33815.320
MinimumVisualStudioVersion = 10.0.40219.1
Project("{888888A0-9F3D-457C-B088-3A5042F75D52}") = "Testefalsk01", "Testefalsk01\Testefalsk01.pyproj", "{17B670F0-CD9A-40FE-B4EE-C6FFC3E31251}"
EndProject
Global
	GlobalSection(SolutionConfigurationPlatforms) = preSolution
		Debug|Any CPU = Debug|Any CPU
		Release|Any CPU = Release|Any CPU
	EndGlobalSection
	GlobalSection(ProjectConfigurationPlatforms) = postSolution
		{17B670F0-CD9A-40FE-B4EE-C6FFC3E31251}.Debug|Any CPU.ActiveCfg = Debug|Any CPU
		{17B670F0-CD9A-40FE-B4EE-C6FFC3E31251}.Debug|Any CPU.Build.0 = Debug|Any CPU
		{17B670F0-CD9A-40FE-B4EE-C6FFC3E31251}.Release|Any CPU.ActiveCfg = Release|Any CPU
		{17B670F0-CD9A-40FE-B4EE-C6FFC3E31251}.Release|Any CPU.Build.0 = Release|Any CPU
	EndGlobalSection
	GlobalSection(SolutionProperties) = preSolution
		HideSolutionNode = FALSE
	EndGlobalSection
	GlobalSection(ExtensibilityGlobals) = postSolution
		SolutionGuid = {339479F7-270E-4B38-B32C-553EA02CAFDC}
	EndGlobalSection
EndGlobal
